
Microsoft Visual Studio Solution File, Format Version 12.00
# Visual Studio Version 16
VisualStudioVersion = 16.0.31515.178
MinimumVisualStudioVersion = 10.0.40219.1
Project("{FAE04EC0-301F-11D3-BF4B-00C04F79EFBC}") = "FeedBackSystem", "FeedBackSystem\FeedBackSystem.csproj", "{84582D64-13BF-41C3-B688-D985B2948F66}"
EndProject
Global
	GlobalSection(SolutionConfigurationPlatforms) = preSolution
		Debug|Any CPU = Debug|Any CPU
		Release|Any CPU = Release|Any CPU
	EndGlobalSection
	GlobalSection(ProjectConfigurationPlatforms) = postSolution
		{84582D64-13BF-41C3-B688-D985B2948F66}.Debug|Any CPU.ActiveCfg = Debug|Any CPU
		{84582D64-13BF-41C3-B688-D985B2948F66}.Debug|Any CPU.Build.0 = Debug|Any CPU
		{84582D64-13BF-41C3-B688-D985B2948F66}.Release|Any CPU.ActiveCfg = Release|Any CPU
		{84582D64-13BF-41C3-B688-D985B2948F66}.Release|Any CPU.Build.0 = Release|Any CPU
	EndGlobalSection
	GlobalSection(SolutionProperties) = preSolution
		HideSolutionNode = FALSE
	EndGlobalSection
	GlobalSection(ExtensibilityGlobals) = postSolution
		SolutionGuid = {FC310A52-5BD6-4211-8E00-5516FF984839}
	EndGlobalSection
EndGlobal
